{
    "version": 3,
    "terraform_version": "0.10.8",
    "serial": 7,
    "lineage": "58a86f21-24de-4146-b6ec-58ea67f1552a",
    "modules": [
        {
            "path": [
                "root"
            ],
            "outputs": {
                "ec2_security_group_id": {
                    "sensitive": false,
                    "type": "string",
                    "value": "sg-08acaf47a9ca1ffd1"
                },
                "file_system_dns_name": {
                    "sensitive": false,
                    "type": "string",
                    "value": "fs-a094c669.efs.eu-west-1.amazonaws.com"
                },
                "file_system_id": {
                    "sensitive": false,
                    "type": "string",
                    "value": "fs-a094c669"
                },
                "mnt_security_group_id": {
                    "sensitive": false,
                    "type": "string",
                    "value": "sg-09412dd0e03273844"
                },
                "mount_target_ids": {
                    "sensitive": false,
                    "type": "string",
                    "value": "fsmt-07750cce"
                },
                "mount_target_interface_ids": {
                    "sensitive": false,
                    "type": "string",
                    "value": "eni-05683b1f4a9dec544"
                },
                "name": {
                    "sensitive": false,
                    "type": "string",
                    "value": "kube_efs"
                }
            },
            "resources": {
                "aws_efs_file_system.efs": {
                    "type": "aws_efs_file_system",
                    "depends_on": [
                        "random_id.creation_token"
                    ],
                    "primary": {
                        "id": "fs-a094c669",
                        "attributes": {
                            "creation_token": "kube_efs-2add3cf4a42b4e9d",
                            "dns_name": "fs-a094c669.efs.eu-west-1.amazonaws.com",
                            "encrypted": "false",
                            "id": "fs-a094c669",
                            "kms_key_id": "",
                            "performance_mode": "generalPurpose",
                            "provisioned_throughput_in_mibps": "0",
                            "tags.%": "3",
                            "tags.CreationToken": "kube_efs-2add3cf4a42b4e9d",
                            "tags.Name": "kube_efs",
                            "tags.terraform": "true",
                            "throughput_mode": "bursting"
                        },
                        "meta": {},
                        "tainted": false
                    },
                    "deposed": [],
                    "provider": ""
                },
                "aws_efs_mount_target.efs": {
                    "type": "aws_efs_mount_target",
                    "depends_on": [
                        "aws_efs_file_system.efs",
                        "aws_security_group.mnt"
                    ],
                    "primary": {
                        "id": "fsmt-07750cce",
                        "attributes": {
                            "dns_name": "fs-a094c669.efs.eu-west-1.amazonaws.com",
                            "file_system_id": "fs-a094c669",
                            "id": "fsmt-07750cce",
                            "ip_address": "172.1.0.230",
                            "network_interface_id": "eni-05683b1f4a9dec544",
                            "security_groups.#": "1",
                            "security_groups.1132727492": "sg-09412dd0e03273844",
                            "subnet_id": "subnet-044e80d8841666263"
                        },
                        "meta": {},
                        "tainted": false
                    },
                    "deposed": [],
                    "provider": ""
                },
                "aws_security_group.ec2": {
                    "type": "aws_security_group",
                    "depends_on": [],
                    "primary": {
                        "id": "sg-08acaf47a9ca1ffd1",
                        "attributes": {
                            "arn": "arn:aws:ec2:eu-west-1:657415943615:security-group/sg-08acaf47a9ca1ffd1",
                            "description": "Allow traffic out to NFS for kube_efs-mnt.",
                            "egress.#": "0",
                            "id": "sg-08acaf47a9ca1ffd1",
                            "ingress.#": "0",
                            "name": "kube_efs-ec2",
                            "owner_id": "657415943615",
                            "revoke_rules_on_delete": "false",
                            "tags.%": "2",
                            "tags.Name": "allow_nfs_out_to_kube_efs-mnt",
                            "tags.terraform": "true",
                            "vpc_id": "vpc-09ad07de5b3219fae"
                        },
                        "meta": {
                            "e2bfb730-ecaa-11e6-8f88-34363bc7c4c0": {
                                "create": 600000000000,
                                "delete": 600000000000
                            },
                            "schema_version": "1"
                        },
                        "tainted": false
                    },
                    "deposed": [],
                    "provider": ""
                },
                "aws_security_group.mnt": {
                    "type": "aws_security_group",
                    "depends_on": [],
                    "primary": {
                        "id": "sg-09412dd0e03273844",
                        "attributes": {
                            "arn": "arn:aws:ec2:eu-west-1:657415943615:security-group/sg-09412dd0e03273844",
                            "description": "Allow traffic from instances using kube_efs-ec2.",
                            "egress.#": "0",
                            "id": "sg-09412dd0e03273844",
                            "ingress.#": "0",
                            "name": "kube_efs-mnt",
                            "owner_id": "657415943615",
                            "revoke_rules_on_delete": "false",
                            "tags.%": "2",
                            "tags.Name": "allow_nfs_in_from_kube_efs-ec2",
                            "tags.terraform": "true",
                            "vpc_id": "vpc-09ad07de5b3219fae"
                        },
                        "meta": {
                            "e2bfb730-ecaa-11e6-8f88-34363bc7c4c0": {
                                "create": 600000000000,
                                "delete": 600000000000
                            },
                            "schema_version": "1"
                        },
                        "tainted": false
                    },
                    "deposed": [],
                    "provider": ""
                },
                "aws_security_group_rule.nfs-in": {
                    "type": "aws_security_group_rule",
                    "depends_on": [
                        "aws_security_group.ec2",
                        "aws_security_group.mnt"
                    ],
                    "primary": {
                        "id": "sgrule-381772243",
                        "attributes": {
                            "from_port": "2049",
                            "id": "sgrule-381772243",
                            "protocol": "tcp",
                            "security_group_id": "sg-09412dd0e03273844",
                            "self": "false",
                            "source_security_group_id": "sg-08acaf47a9ca1ffd1",
                            "to_port": "2049",
                            "type": "ingress"
                        },
                        "meta": {
                            "schema_version": "2"
                        },
                        "tainted": false
                    },
                    "deposed": [],
                    "provider": ""
                },
                "aws_security_group_rule.nfs-out": {
                    "type": "aws_security_group_rule",
                    "depends_on": [
                        "aws_security_group.ec2",
                        "aws_security_group.mnt"
                    ],
                    "primary": {
                        "id": "sgrule-4276687819",
                        "attributes": {
                            "from_port": "2049",
                            "id": "sgrule-4276687819",
                            "protocol": "tcp",
                            "security_group_id": "sg-08acaf47a9ca1ffd1",
                            "self": "false",
                            "source_security_group_id": "sg-09412dd0e03273844",
                            "to_port": "2049",
                            "type": "egress"
                        },
                        "meta": {
                            "schema_version": "2"
                        },
                        "tainted": false
                    },
                    "deposed": [],
                    "provider": ""
                },
                "random_id.creation_token": {
                    "type": "random_id",
                    "depends_on": [],
                    "primary": {
                        "id": "Kt089KQrTp0",
                        "attributes": {
                            "b64": "kube_efs-Kt089KQrTp0",
                            "b64_std": "kube_efs-Kt089KQrTp0=",
                            "b64_url": "kube_efs-Kt089KQrTp0",
                            "byte_length": "8",
                            "dec": "kube_efs-3088691940870016669",
                            "hex": "kube_efs-2add3cf4a42b4e9d",
                            "id": "Kt089KQrTp0",
                            "prefix": "kube_efs-"
                        },
                        "meta": {},
                        "tainted": false
                    },
                    "deposed": [],
                    "provider": ""
                }
            },
            "depends_on": []
        }
    ]
}
